
Microsoft Visual Studio Solution File, Format Version 12.00
# Visual Studio Version 16
VisualStudioVersion = 16.0.33027.164
MinimumVisualStudioVersion = 10.0.40219.1
Project("{8BC9CEB8-8B4A-11D0-8D11-00A0C91BC942}") = "C_2", "C_2\C_2.vcxproj", "{1F567D46-A10F-4FB2-A79B-86CA912B74A9}"
EndProject
Global
	GlobalSection(SolutionConfigurationPlatforms) = preSolution
		Debug|x64 = Debug|x64
		Debug|x86 = Debug|x86
		Release|x64 = Release|x64
		Release|x86 = Release|x86
	EndGlobalSection
	GlobalSection(ProjectConfigurationPlatforms) = postSolution
		{1F567D46-A10F-4FB2-A79B-86CA912B74A9}.Debug|x64.ActiveCfg = Debug|x64
		{1F567D46-A10F-4FB2-A79B-86CA912B74A9}.Debug|x64.Build.0 = Debug|x64
		{1F567D46-A10F-4FB2-A79B-86CA912B74A9}.Debug|x86.ActiveCfg = Debug|Win32
		{1F567D46-A10F-4FB2-A79B-86CA912B74A9}.Debug|x86.Build.0 = Debug|Win32
		{1F567D46-A10F-4FB2-A79B-86CA912B74A9}.Release|x64.ActiveCfg = Release|x64
		{1F567D46-A10F-4FB2-A79B-86CA912B74A9}.Release|x64.Build.0 = Release|x64
		{1F567D46-A10F-4FB2-A79B-86CA912B74A9}.Release|x86.ActiveCfg = Release|Win32
		{1F567D46-A10F-4FB2-A79B-86CA912B74A9}.Release|x86.Build.0 = Release|Win32
	EndGlobalSection
	GlobalSection(SolutionProperties) = preSolution
		HideSolutionNode = FALSE
	EndGlobalSection
	GlobalSection(ExtensibilityGlobals) = postSolution
		SolutionGuid = {711DDB46-4E6E-4D8D-983F-913564A81DEC}
	EndGlobalSection
EndGlobal
